# THIS IS AN AUTOGENERATED FILE. DO NOT EDIT THIS FILE DIRECTLY.
# yarn lockfile v1


"@angular/animations@^7.2.7":
  version "7.2.7"
  resolved "https://registry.yarnpkg.com/@angular/animations/-/animations-7.2.7.tgz#14aa9b4006dbffb08bd705842cdcc1d0b502ae90"
  integrity sha512-eU/wSkBmukZXCCe/epUl02xsKPauF+deMbncxBE+w/NmmWjJ77Q09iZAcgzM92RVXj2LsVYQXsNEBGT3X0hRZw==
  dependencies:
    tslib "^1.9.0"

"@angular/animations@angular/material":
  version "1.1.13"
  resolved "https://codeload.github.com/angular/material/tar.gz/163b7627f27229a31c53c28a0399c9ed1366ff70"

"@angular/cdk@^7.3.3":
  version "7.3.3"
  resolved "https://registry.yarnpkg.com/@angular/cdk/-/cdk-7.3.3.tgz#02a2ad248141cd9968a5950ce0602da3fcf5445b"
  integrity sha512-0M3nwq+c9+d+p0XeU12I9djutlsajRrxcu7AvHQXUs/5grYFsXsX0f468qXDiKmcgqGUBNtN2fBOUhGNlispuQ==
  dependencies:
    tslib "^1.7.1"
  optionalDependencies:
    parse5 "^5.0.0"

"@angular/material@^7.3.3":
  version "7.3.3"
  resolved "https://registry.yarnpkg.com/@angular/material/-/material-7.3.3.tgz#f3f87fa90c685cfad0b6974489c69d2676199052"
  integrity sha512-DZdJaVpXsd5QlfpN5P871llw8AKh5QvRiyro3QRmEajYN85Xiawqpbt7O60TrwcFM6DzYLI3UeyWq8LFdmi/+Q==
  dependencies:
    tslib "^1.7.1"

angular@^1.7.7:
  version "1.7.7"
  resolved "https://registry.yarnpkg.com/angular/-/angular-1.7.7.tgz#26bd87693deadcbd5944610a7a0463fc79a18803"
  integrity sha512-MH3JEGd8y/EkNCKJ8EV6Ch0j9X0rZTta/QVIDpBWaIdfh85/e5KO8+ZKgvWIb02MQuiS20pDFmMFlv4ZaLcLWg==

date-utils@^1.2.21:
  version "1.2.21"
  resolved "https://registry.yarnpkg.com/date-utils/-/date-utils-1.2.21.tgz#61fb16cdc1274b3c9acaaffe9fc69df8720a2b64"
  integrity sha1-YfsWzcEnSzyayq/+n8ad+HIKK2Q=

parse5@^5.0.0:
  version "5.1.0"
  resolved "https://registry.yarnpkg.com/parse5/-/parse5-5.1.0.tgz#c59341c9723f414c452975564c7c00a68d58acd2"
  integrity sha512-fxNG2sQjHvlVAYmzBZS9YlDp6PTSSDwa98vkD4QgVDDCAo84z5X1t5XyJQ62ImdLXx5NdIIfihey6xpum9/gRQ==

tslib@^1.7.1, tslib@^1.9.0:
  version "1.9.3"
  resolved "https://registry.yarnpkg.com/tslib/-/tslib-1.9.3.tgz#d7e4dd79245d85428c4d7e4822a79917954ca286"
  integrity sha512-4krF8scpejhaOgqzBEcGM7yDIEfi0/8+8zDRZhNZZ2kjmHJ4hv3zCbQWxoJGz1iw5U0Jl0nma13xzHXcncMavQ==
